
Microsoft Visual Studio Solution File, Format Version 12.00
# Visual Studio 2012
Project("{FAE04EC0-301F-11D3-BF4B-00C04F79EFBC}") = "RapidTransit.Integration", "MassTransit.AllTheThings\RapidTransit.Integration.csproj", "{27C8147B-1853-4022-B91B-5BB167C806DF}"
EndProject
Project("{FAE04EC0-301F-11D3-BF4B-00C04F79EFBC}") = "RapidTransit.Core", "RapidTransit.Core\RapidTransit.Core.csproj", "{7A30C7B8-DB42-4DB3-AB21-8C4D8007C507}"
EndProject
Global
	GlobalSection(SolutionConfigurationPlatforms) = preSolution
		Debug|Any CPU = Debug|Any CPU
		Release|Any CPU = Release|Any CPU
	EndGlobalSection
	GlobalSection(ProjectConfigurationPlatforms) = postSolution
		{27C8147B-1853-4022-B91B-5BB167C806DF}.Debug|Any CPU.ActiveCfg = Debug|Any CPU
		{27C8147B-1853-4022-B91B-5BB167C806DF}.Debug|Any CPU.Build.0 = Debug|Any CPU
		{27C8147B-1853-4022-B91B-5BB167C806DF}.Release|Any CPU.ActiveCfg = Release|Any CPU
		{27C8147B-1853-4022-B91B-5BB167C806DF}.Release|Any CPU.Build.0 = Release|Any CPU
		{7A30C7B8-DB42-4DB3-AB21-8C4D8007C507}.Debug|Any CPU.ActiveCfg = Debug|Any CPU
		{7A30C7B8-DB42-4DB3-AB21-8C4D8007C507}.Debug|Any CPU.Build.0 = Debug|Any CPU
		{7A30C7B8-DB42-4DB3-AB21-8C4D8007C507}.Release|Any CPU.ActiveCfg = Release|Any CPU
		{7A30C7B8-DB42-4DB3-AB21-8C4D8007C507}.Release|Any CPU.Build.0 = Release|Any CPU
	EndGlobalSection
	GlobalSection(SolutionProperties) = preSolution
		HideSolutionNode = FALSE
	EndGlobalSection
EndGlobal
